
Microsoft Visual Studio Solution File, Format Version 12.00
# Visual Studio Version 16
VisualStudioVersion = 16.0.30717.126
MinimumVisualStudioVersion = 10.0.40219.1
Project("{FAE04EC0-301F-11D3-BF4B-00C04F79EFBC}") = "Backend-Rest _API", "Backend-Rest _API\Backend-Rest _API.csproj", "{59A5F4B1-35FD-49B7-B0E7-5248FE738A16}"
EndProject
Global
	GlobalSection(SolutionConfigurationPlatforms) = preSolution
		Debug|Any CPU = Debug|Any CPU
		Release|Any CPU = Release|Any CPU
	EndGlobalSection
	GlobalSection(ProjectConfigurationPlatforms) = postSolution
		{59A5F4B1-35FD-49B7-B0E7-5248FE738A16}.Debug|Any CPU.ActiveCfg = Debug|Any CPU
		{59A5F4B1-35FD-49B7-B0E7-5248FE738A16}.Debug|Any CPU.Build.0 = Debug|Any CPU
		{59A5F4B1-35FD-49B7-B0E7-5248FE738A16}.Release|Any CPU.ActiveCfg = Release|Any CPU
		{59A5F4B1-35FD-49B7-B0E7-5248FE738A16}.Release|Any CPU.Build.0 = Release|Any CPU
	EndGlobalSection
	GlobalSection(SolutionProperties) = preSolution
		HideSolutionNode = FALSE
	EndGlobalSection
	GlobalSection(ExtensibilityGlobals) = postSolution
		SolutionGuid = {BF055065-E6AB-4544-B2BE-DC47605CD6EC}
	EndGlobalSection
EndGlobal
